{
  "requires": true,
  "lockfileVersion": 1,
  "dependencies": {
    "swipejs": {
      "version": "2.2.14",
      "resolved": "https://registry.npmjs.org/swipejs/-/swipejs-2.2.14.tgz",
      "integrity": "sha512-lJ/4mMCBYXXWLCFYhXyQumBZksIH+MQwHLRAF5VfdkHCn+Mz3VQOeXjS6W638tr2iyhdJrfdAx0srkXlZ7DnRQ=="
    }
  }
}
